# THIS IS AN AUTOGENERATED FILE. DO NOT EDIT THIS FILE DIRECTLY.
# yarn lockfile v1


"@babel/parser@^7.16.4":
  version "7.22.5"
  resolved "https://registry.npmjs.org/@babel/parser/-/parser-7.22.5.tgz"
  integrity sha512-DFZMC9LJUG9PLOclRC32G63UXwzqS2koQC8dkx+PLdmt1xSePYpbT/NbsrJy8Q/muXz7o/h/d4A7Fuyixm559Q==

"@esbuild/android-arm64@0.16.17":
  version "0.16.17"
  resolved "https://registry.yarnpkg.com/@esbuild/android-arm64/-/android-arm64-0.16.17.tgz#cf91e86df127aa3d141744edafcba0abdc577d23"
  integrity sha512-MIGl6p5sc3RDTLLkYL1MyL8BMRN4tLMRCn+yRJJmEDvYZ2M7tmAf80hx1kbNEUX2KJ50RRtxZ4JHLvCfuB6kBg==

"@esbuild/android-arm@0.16.17":
  version "0.16.17"
  resolved "https://registry.yarnpkg.com/@esbuild/android-arm/-/android-arm-0.16.17.tgz#025b6246d3f68b7bbaa97069144fb5fb70f2fff2"
  integrity sha512-N9x1CMXVhtWEAMS7pNNONyA14f71VPQN9Cnavj1XQh6T7bskqiLLrSca4O0Vr8Wdcga943eThxnVp3JLnBMYtw==

"@esbuild/android-x64@0.16.17":
  version "0.16.17"
  resolved "https://registry.yarnpkg.com/@esbuild/android-x64/-/android-x64-0.16.17.tgz#c820e0fef982f99a85c4b8bfdd582835f04cd96e"
  integrity sha512-a3kTv3m0Ghh4z1DaFEuEDfz3OLONKuFvI4Xqczqx4BqLyuFaFkuaG4j2MtA6fuWEFeC5x9IvqnX7drmRq/fyAQ==

"@esbuild/darwin-arm64@0.16.17":
  version "0.16.17"
  resolved "https://registry.yarnpkg.com/@esbuild/darwin-arm64/-/darwin-arm64-0.16.17.tgz#edef4487af6b21afabba7be5132c26d22379b220"
  integrity sha512-/2agbUEfmxWHi9ARTX6OQ/KgXnOWfsNlTeLcoV7HSuSTv63E4DqtAc+2XqGw1KHxKMHGZgbVCZge7HXWX9Vn+w==

"@esbuild/darwin-x64@0.16.17":
  version "0.16.17"
  resolved "https://registry.yarnpkg.com/@esbuild/darwin-x64/-/darwin-x64-0.16.17.tgz#42829168730071c41ef0d028d8319eea0e2904b4"
  integrity sha512-2By45OBHulkd9Svy5IOCZt376Aa2oOkiE9QWUK9fe6Tb+WDr8hXL3dpqi+DeLiMed8tVXspzsTAvd0jUl96wmg==

"@esbuild/freebsd-arm64@0.16.17":
  version "0.16.17"
  resolved "https://registry.yarnpkg.com/@esbuild/freebsd-arm64/-/freebsd-arm64-0.16.17.tgz#1f4af488bfc7e9ced04207034d398e793b570a27"
  integrity sha512-mt+cxZe1tVx489VTb4mBAOo2aKSnJ33L9fr25JXpqQqzbUIw/yzIzi+NHwAXK2qYV1lEFp4OoVeThGjUbmWmdw==

"@esbuild/freebsd-x64@0.16.17":
  version "0.16.17"
  resolved "https://registry.yarnpkg.com/@esbuild/freebsd-x64/-/freebsd-x64-0.16.17.tgz#636306f19e9bc981e06aa1d777302dad8fddaf72"
  integrity sha512-8ScTdNJl5idAKjH8zGAsN7RuWcyHG3BAvMNpKOBaqqR7EbUhhVHOqXRdL7oZvz8WNHL2pr5+eIT5c65kA6NHug==

"@esbuild/linux-arm64@0.16.17":
  version "0.16.17"
  resolved "https://registry.yarnpkg.com/@esbuild/linux-arm64/-/linux-arm64-0.16.17.tgz#a003f7ff237c501e095d4f3a09e58fc7b25a4aca"
  integrity sha512-7S8gJnSlqKGVJunnMCrXHU9Q8Q/tQIxk/xL8BqAP64wchPCTzuM6W3Ra8cIa1HIflAvDnNOt2jaL17vaW+1V0g==

"@esbuild/linux-arm@0.16.17":
  version "0.16.17"
  resolved "https://registry.yarnpkg.com/@esbuild/linux-arm/-/linux-arm-0.16.17.tgz#b591e6a59d9c4fe0eeadd4874b157ab78cf5f196"
  integrity sha512-iihzrWbD4gIT7j3caMzKb/RsFFHCwqqbrbH9SqUSRrdXkXaygSZCZg1FybsZz57Ju7N/SHEgPyaR0LZ8Zbe9gQ==

"@esbuild/linux-ia32@0.16.17":
  version "0.16.17"
  resolved "https://registry.yarnpkg.com/@esbuild/linux-ia32/-/linux-ia32-0.16.17.tgz#24333a11027ef46a18f57019450a5188918e2a54"
  integrity sha512-kiX69+wcPAdgl3Lonh1VI7MBr16nktEvOfViszBSxygRQqSpzv7BffMKRPMFwzeJGPxcio0pdD3kYQGpqQ2SSg==

"@esbuild/linux-loong64@0.16.17":
  version "0.16.17"
  resolved "https://registry.yarnpkg.com/@esbuild/linux-loong64/-/linux-loong64-0.16.17.tgz#d5ad459d41ed42bbd4d005256b31882ec52227d8"
  integrity sha512-dTzNnQwembNDhd654cA4QhbS9uDdXC3TKqMJjgOWsC0yNCbpzfWoXdZvp0mY7HU6nzk5E0zpRGGx3qoQg8T2DQ==

"@esbuild/linux-mips64el@0.16.17":
  version "0.16.17"
  resolved "https://registry.yarnpkg.com/@esbuild/linux-mips64el/-/linux-mips64el-0.16.17.tgz#4e5967a665c38360b0a8205594377d4dcf9c3726"
  integrity sha512-ezbDkp2nDl0PfIUn0CsQ30kxfcLTlcx4Foz2kYv8qdC6ia2oX5Q3E/8m6lq84Dj/6b0FrkgD582fJMIfHhJfSw==

"@esbuild/linux-ppc64@0.16.17":
  version "0.16.17"
  resolved "https://registry.yarnpkg.com/@esbuild/linux-ppc64/-/linux-ppc64-0.16.17.tgz#206443a02eb568f9fdf0b438fbd47d26e735afc8"
  integrity sha512-dzS678gYD1lJsW73zrFhDApLVdM3cUF2MvAa1D8K8KtcSKdLBPP4zZSLy6LFZ0jYqQdQ29bjAHJDgz0rVbLB3g==

"@esbuild/linux-riscv64@0.16.17":
  version "0.16.17"
  resolved "https://registry.yarnpkg.com/@esbuild/linux-riscv64/-/linux-riscv64-0.16.17.tgz#c351e433d009bf256e798ad048152c8d76da2fc9"
  integrity sha512-ylNlVsxuFjZK8DQtNUwiMskh6nT0vI7kYl/4fZgV1llP5d6+HIeL/vmmm3jpuoo8+NuXjQVZxmKuhDApK0/cKw==

"@esbuild/linux-s390x@0.16.17":
  version "0.16.17"
  resolved "https://registry.yarnpkg.com/@esbuild/linux-s390x/-/linux-s390x-0.16.17.tgz#661f271e5d59615b84b6801d1c2123ad13d9bd87"
  integrity sha512-gzy7nUTO4UA4oZ2wAMXPNBGTzZFP7mss3aKR2hH+/4UUkCOyqmjXiKpzGrY2TlEUhbbejzXVKKGazYcQTZWA/w==

"@esbuild/linux-x64@0.16.17":
  version "0.16.17"
  resolved "https://registry.yarnpkg.com/@esbuild/linux-x64/-/linux-x64-0.16.17.tgz#e4ba18e8b149a89c982351443a377c723762b85f"
  integrity sha512-mdPjPxfnmoqhgpiEArqi4egmBAMYvaObgn4poorpUaqmvzzbvqbowRllQ+ZgzGVMGKaPkqUmPDOOFQRUFDmeUw==

"@esbuild/netbsd-x64@0.16.17":
  version "0.16.17"
  resolved "https://registry.yarnpkg.com/@esbuild/netbsd-x64/-/netbsd-x64-0.16.17.tgz#7d4f4041e30c5c07dd24ffa295c73f06038ec775"
  integrity sha512-/PzmzD/zyAeTUsduZa32bn0ORug+Jd1EGGAUJvqfeixoEISYpGnAezN6lnJoskauoai0Jrs+XSyvDhppCPoKOA==

"@esbuild/openbsd-x64@0.16.17":
  version "0.16.17"
  resolved "https://registry.yarnpkg.com/@esbuild/openbsd-x64/-/openbsd-x64-0.16.17.tgz#970fa7f8470681f3e6b1db0cc421a4af8060ec35"
  integrity sha512-2yaWJhvxGEz2RiftSk0UObqJa/b+rIAjnODJgv2GbGGpRwAfpgzyrg1WLK8rqA24mfZa9GvpjLcBBg8JHkoodg==

"@esbuild/sunos-x64@0.16.17":
  version "0.16.17"
  resolved "https://registry.yarnpkg.com/@esbuild/sunos-x64/-/sunos-x64-0.16.17.tgz#abc60e7c4abf8b89fb7a4fe69a1484132238022c"
  integrity sha512-xtVUiev38tN0R3g8VhRfN7Zl42YCJvyBhRKw1RJjwE1d2emWTVToPLNEQj/5Qxc6lVFATDiy6LjVHYhIPrLxzw==

"@esbuild/win32-arm64@0.16.17":
  version "0.16.17"
  resolved "https://registry.yarnpkg.com/@esbuild/win32-arm64/-/win32-arm64-0.16.17.tgz#7b0ff9e8c3265537a7a7b1fd9a24e7bd39fcd87a"
  integrity sha512-ga8+JqBDHY4b6fQAmOgtJJue36scANy4l/rL97W+0wYmijhxKetzZdKOJI7olaBaMhWt8Pac2McJdZLxXWUEQw==

"@esbuild/win32-ia32@0.16.17":
  version "0.16.17"
  resolved "https://registry.yarnpkg.com/@esbuild/win32-ia32/-/win32-ia32-0.16.17.tgz#e90fe5267d71a7b7567afdc403dfd198c292eb09"
  integrity sha512-WnsKaf46uSSF/sZhwnqE4L/F89AYNMiD4YtEcYekBt9Q7nj0DiId2XH2Ng2PHM54qi5oPrQ8luuzGszqi/veig==

"@esbuild/win32-x64@0.16.17":
  version "0.16.17"
  resolved "https://registry.npmjs.org/@esbuild/win32-x64/-/win32-x64-0.16.17.tgz"
  integrity sha512-y+EHuSchhL7FjHgvQL/0fnnFmO4T1bhvWANX6gcnqTjtnKWbTvUMCpGnv2+t+31d7RzyEAYAd4u2fnIhHL6N/Q==

"@mdi/font@7.1.96":
  version "7.1.96"
  resolved "https://registry.npmjs.org/@mdi/font/-/font-7.1.96.tgz"
  integrity sha512-Imag6npmfkBDi2Ze2jiZVAPTDIKLxhz2Sx82xJ2zctyAU5LYJejLI5ChnDwiD9bMkQfVuzEsI98Q8toHyC+HCg==

"@tauri-apps/api@2.11.0", "@tauri-apps/api@^2.10.1", "@tauri-apps/api@^2.11.0", "@tauri-apps/api@^2.8.0":
  version "2.11.0"
  resolved "https://registry.yarnpkg.com/@tauri-apps/api/-/api-2.11.0.tgz#00fb69996010178a5153798d4a84f6fe3a1e1182"
  integrity sha512-7CinYODhky9lmO23xHnUFv0Xt43fbtWMyxZcLcRBlFkcgXKuEirBvHpmtJ89YMhyeGcq20Wuc47Fa4XjyniywA==

"@tauri-apps/cli-darwin-arm64@2.11.2":
  version "2.11.2"
  resolved "https://registry.yarnpkg.com/@tauri-apps/cli-darwin-arm64/-/cli-darwin-arm64-2.11.2.tgz#6066804d06556a7f7da06fc5991ad8767213438f"
  integrity sha512-+4UZzLt+eOAEQCwgd+TqKgyUJMrvx+BgdXLLaqJYmPqzP+nE6YZr/hY6CWLYGQb8jFn99jEkmC6uA3tNvamA1w==

"@tauri-apps/cli-darwin-x64@2.11.2":
  version "2.11.2"
  resolved "https://registry.yarnpkg.com/@tauri-apps/cli-darwin-x64/-/cli-darwin-x64-2.11.2.tgz#d5cb5c2f3fd56920a7fe632c3814d1b9213dd241"
  integrity sha512-VjYYtZUPqDMLutSfJEyxFE3Bz+DPi7c8wC3imckgvciLDZLq4qwKJxBicg0BXGhXjJsl8vKWgWRFNMPELQ+Xyg==

"@tauri-apps/cli-linux-arm-gnueabihf@2.11.2":
  version "2.11.2"
  resolved "https://registry.yarnpkg.com/@tauri-apps/cli-linux-arm-gnueabihf/-/cli-linux-arm-gnueabihf-2.11.2.tgz#ec071fd0d33dc8b5d6a2469d4ea6c22cc6df4734"
  integrity sha512-yMemD6f4i95AQriS8EazyOFzbE34yjnP16i3IOzpHGQvBoy2DjypFMFBq0NtPuITURv/cOGguRtHR5d79/9CSA==

"@tauri-apps/cli-linux-arm64-gnu@2.11.2":
  version "2.11.2"
  resolved "https://registry.yarnpkg.com/@tauri-apps/cli-linux-arm64-gnu/-/cli-linux-arm64-gnu-2.11.2.tgz#240afaf766d86904cb2652b888e41ad7c6c8e66d"
  integrity sha512-cgI91D2wL8GSgoWwZXDqt+DwnuZCP2/bz03QAE4TrhgAKIsrB4hX26W/H1EONPUUNkqrsgeCD0wU6pcNjV/5kw==

"@tauri-apps/cli-linux-arm64-musl@2.11.2":
  version "2.11.2"
  resolved "https://registry.yarnpkg.com/@tauri-apps/cli-linux-arm64-musl/-/cli-linux-arm64-musl-2.11.2.tgz#db7ff0c4e4b4c5cb891d33e433714ae29b47fe45"
  integrity sha512-X1rm0BERqAAggtYTESSgXrS3sz4Sb/OiPiz54UqISlXW+GkR3vNIGnsy/lejNmoXGVqri3Q53BCfQiclOIyRPw==

"@tauri-apps/cli-linux-riscv64-gnu@2.11.2":
  version "2.11.2"
  resolved "https://registry.yarnpkg.com/@tauri-apps/cli-linux-riscv64-gnu/-/cli-linux-riscv64-gnu-2.11.2.tgz#9753df2a6e525b99c5135908022bc97cd70fe68f"
  integrity sha512-usbMLJbT3KtkOrBMDVeGYNM35aTHXx38SJSzTMSqqjeUIOQ+iVPjb2yAGNAE+KqmBbAx4FOFIyMeKXx2M/JKGQ==

"@tauri-apps/cli-linux-x64-gnu@2.11.2":
  version "2.11.2"
  resolved "https://registry.yarnpkg.com/@tauri-apps/cli-linux-x64-gnu/-/cli-linux-x64-gnu-2.11.2.tgz#6b33ce919a12f4c64dc98451e688fc23a3f35280"
  integrity sha512-Ru4gwJKPG0ctVGchRGpRup4Y4lW2SSfFnrbQcyHhCliKy4g8Qz97TrUgCur4CbWyAgKxvGh3SjrkA0LDYzDGiw==

"@tauri-apps/cli-linux-x64-musl@2.11.2":
  version "2.11.2"
  resolved "https://registry.yarnpkg.com/@tauri-apps/cli-linux-x64-musl/-/cli-linux-x64-musl-2.11.2.tgz#79e5ae19692f6e603f11cbd64b303c3f196516a6"
  integrity sha512-eUm7T6clN1MMmNSRQ9gaWsQdyehQx2Gmn5hht/QUlqZQI/qcP2OJK5dnaxqwFzCr2HdsEo9ydxaqcS1oJzMvUw==

"@tauri-apps/cli-win32-arm64-msvc@2.11.2":
  version "2.11.2"
  resolved "https://registry.yarnpkg.com/@tauri-apps/cli-win32-arm64-msvc/-/cli-win32-arm64-msvc-2.11.2.tgz#0e027fdab2cd20cc00a116d252cf6255634b7a73"
  integrity sha512-HeeZW80jU+gVTOEX4X/hC6NVSAdDVXajwP5fxIZ/3z9WvUC7qrudX2GMTilYq6Dg0e0sk0XgsAJD1hZ5wPBXUA==

"@tauri-apps/cli-win32-ia32-msvc@2.11.2":
  version "2.11.2"
  resolved "https://registry.yarnpkg.com/@tauri-apps/cli-win32-ia32-msvc/-/cli-win32-ia32-msvc-2.11.2.tgz#06992f9b1d53e2c3c087cf4dbad730104f948dda"
  integrity sha512-YhjQNZcXfbkCLyazSv1nPnJ9iRFE1wm6kc51FDbU10/Dk09io+6PAGMLjkxnX2GdM0qMnDmTjstY8mTDVvtKeA==

"@tauri-apps/cli-win32-x64-msvc@2.11.2":
  version "2.11.2"
  resolved "https://registry.yarnpkg.com/@tauri-apps/cli-win32-x64-msvc/-/cli-win32-x64-msvc-2.11.2.tgz#32d04f651981b0da298c9c137834cb078615ca9c"
  integrity sha512-d2JchlFIpZevZVReyqhQOekJmb1UH3rhZ5VX6sH3ty9ETE0TKQavpihvoScUXfKKpW6HZC0MrFGRU0ZtD+w3gA==

"@tauri-apps/cli@2.11.2":
  version "2.11.2"
  resolved "https://registry.yarnpkg.com/@tauri-apps/cli/-/cli-2.11.2.tgz#1e1a112263c8a004a2aecba4874f4217573e74ef"
  integrity sha512-bk3HemqvGRoy+5D/dVMUQHKMYLglD0jVnMm/0iGMH6ufZ+p8r14m6BpIixwij3PBvZdvORUp1YifTD8QxVZ1Nw==
  optionalDependencies:
    "@tauri-apps/cli-darwin-arm64" "2.11.2"
    "@tauri-apps/cli-darwin-x64" "2.11.2"
    "@tauri-apps/cli-linux-arm-gnueabihf" "2.11.2"
    "@tauri-apps/cli-linux-arm64-gnu" "2.11.2"
    "@tauri-apps/cli-linux-arm64-musl" "2.11.2"
    "@tauri-apps/cli-linux-riscv64-gnu" "2.11.2"
    "@tauri-apps/cli-linux-x64-gnu" "2.11.2"
    "@tauri-apps/cli-linux-x64-musl" "2.11.2"
    "@tauri-apps/cli-win32-arm64-msvc" "2.11.2"
    "@tauri-apps/cli-win32-ia32-msvc" "2.11.2"
    "@tauri-apps/cli-win32-x64-msvc" "2.11.2"

"@tauri-apps/plugin-fs@2.5.1":
  version "2.5.1"
  resolved "https://registry.yarnpkg.com/@tauri-apps/plugin-fs/-/plugin-fs-2.5.1.tgz#e1b8643d41c74251699fcdecc800877d18a4a6fc"
  integrity sha512-9Lz+Jopp6QyeEWhlpkMx4R/+P9HgR+AVAI4vOZhlT8Xaymtz8iVI/Ov984/XTqgJz/5gz5NretqPB/XEMS3NhQ==
  dependencies:
    "@tauri-apps/api" "^2.11.0"

"@tauri-apps/plugin-http@2.5.9":
  version "2.5.9"
  resolved "https://registry.yarnpkg.com/@tauri-apps/plugin-http/-/plugin-http-2.5.9.tgz#f612a86239b95f6b2d5d211e26d512176c9f490b"
  integrity sha512-lCiY0+vs4HvIUSvZrBs8TC3TiCB0MOPRmiUjTq4prW7SlcJE2jdLeT6KBsJrT9Tlplufl7W1pY6SFAO3gCWxDA==
  dependencies:
    "@tauri-apps/api" "^2.11.0"

"@tauri-apps/plugin-log@2.8.0":
  version "2.8.0"
  resolved "https://registry.yarnpkg.com/@tauri-apps/plugin-log/-/plugin-log-2.8.0.tgz#8fe98a8bdf6b5ab987d77e702b9797a1941a3f4b"
  integrity sha512-a+7rOq3MJwpTOLLKbL8d0qGZ85hgHw5pNOWusA9o3cf7cEgtYHiGY/+O8fj8MvywQIGqFv0da2bYQDlrqLE7rw==
  dependencies:
    "@tauri-apps/api" "^2.8.0"

"@tauri-apps/plugin-shell@2.3.5":
  version "2.3.5"
  resolved "https://registry.yarnpkg.com/@tauri-apps/plugin-shell/-/plugin-shell-2.3.5.tgz#ec7b5c2aedaae9e4641cd3ccf1106e443e193919"
  integrity sha512-jewtULhiQ7lI7+owCKAjc8tYLJr92U16bPOeAa472LHJdgaibLP83NcfAF2e+wkEcA53FxKQAZ7byDzs2eeizg==
  dependencies:
    "@tauri-apps/api" "^2.10.1"

"@vitejs/plugin-vue@4.0.0":
  version "4.0.0"
  resolved "https://registry.npmjs.org/@vitejs/plugin-vue/-/plugin-vue-4.0.0.tgz"
  integrity sha512-e0X4jErIxAB5oLtDqbHvHpJe/uWNkdpYV83AOG2xo2tEVSzCzewgJMtREZM30wXnM5ls90hxiOtAuVU6H5JgbA==

"@vue/compiler-core@3.2.47":
  version "3.2.47"
  resolved "https://registry.npmjs.org/@vue/compiler-core/-/compiler-core-3.2.47.tgz"
  integrity sha512-p4D7FDnQb7+YJmO2iPEv0SQNeNzcbHdGByJDsT4lynf63AFkOTFN07HsiRSvjGo0QrxR/o3d0hUyNCUnBU2Tig==
  dependencies:
    "@babel/parser" "^7.16.4"
    "@vue/shared" "3.2.47"
    estree-walker "^2.0.2"
    source-map "^0.6.1"

"@vue/compiler-dom@3.2.47":
  version "3.2.47"
  resolved "https://registry.npmjs.org/@vue/compiler-dom/-/compiler-dom-3.2.47.tgz"
  integrity sha512-dBBnEHEPoftUiS03a4ggEig74J2YBZ2UIeyfpcRM2tavgMWo4bsEfgCGsu+uJIL/vax9S+JztH8NmQerUo7shQ==
  dependencies:
    "@vue/compiler-core" "3.2.47"
    "@vue/shared" "3.2.47"

"@vue/compiler-sfc@3.2.47":
  version "3.2.47"
  resolved "https://registry.npmjs.org/@vue/compiler-sfc/-/compiler-sfc-3.2.47.tgz"
  integrity sha512-rog05W+2IFfxjMcFw10tM9+f7i/+FFpZJJ5XHX72NP9eC2uRD+42M3pYcQqDXVYoj74kHMSEdQ/WmCjt8JFksQ==
  dependencies:
    "@babel/parser" "^7.16.4"
    "@vue/compiler-core" "3.2.47"
    "@vue/compiler-dom" "3.2.47"
    "@vue/compiler-ssr" "3.2.47"
    "@vue/reactivity-transform" "3.2.47"
    "@vue/shared" "3.2.47"
    estree-walker "^2.0.2"
    magic-string "^0.25.7"
    postcss "^8.1.10"
    source-map "^0.6.1"

"@vue/compiler-ssr@3.2.47":
  version "3.2.47"
  resolved "https://registry.npmjs.org/@vue/compiler-ssr/-/compiler-ssr-3.2.47.tgz"
  integrity sha512-wVXC+gszhulcMD8wpxMsqSOpvDZ6xKXSVWkf50Guf/S+28hTAXPDYRTbLQ3EDkOP5Xz/+SY37YiwDquKbJOgZw==
  dependencies:
    "@vue/compiler-dom" "3.2.47"
    "@vue/shared" "3.2.47"

"@vue/reactivity-transform@3.2.47":
  version "3.2.47"
  resolved "https://registry.npmjs.org/@vue/reactivity-transform/-/reactivity-transform-3.2.47.tgz"
  integrity sha512-m8lGXw8rdnPVVIdIFhf0LeQ/ixyHkH5plYuS83yop5n7ggVJU+z5v0zecwEnX7fa7HNLBhh2qngJJkxpwEEmYA==
  dependencies:
    "@babel/parser" "^7.16.4"
    "@vue/compiler-core" "3.2.47"
    "@vue/shared" "3.2.47"
    estree-walker "^2.0.2"
    magic-string "^0.25.7"

"@vue/reactivity@3.2.47":
  version "3.2.47"
  resolved "https://registry.npmjs.org/@vue/reactivity/-/reactivity-3.2.47.tgz"
  integrity sha512-7khqQ/75oyyg+N/e+iwV6lpy1f5wq759NdlS1fpAhFXa8VeAIKGgk2E/C4VF59lx5b+Ezs5fpp/5WsRYXQiKxQ==
  dependencies:
    "@vue/shared" "3.2.47"

"@vue/runtime-core@3.2.47":
  version "3.2.47"
  resolved "https://registry.npmjs.org/@vue/runtime-core/-/runtime-core-3.2.47.tgz"
  integrity sha512-RZxbLQIRB/K0ev0K9FXhNbBzT32H9iRtYbaXb0ZIz2usLms/D55dJR2t6cIEUn6vyhS3ALNvNthI+Q95C+NOpA==
  dependencies:
    "@vue/reactivity" "3.2.47"
    "@vue/shared" "3.2.47"

"@vue/runtime-dom@3.2.47":
  version "3.2.47"
  resolved "https://registry.npmjs.org/@vue/runtime-dom/-/runtime-dom-3.2.47.tgz"
  integrity sha512-ArXrFTjS6TsDei4qwNvgrdmHtD930KgSKGhS5M+j8QxXrDJYLqYw4RRcDy1bz1m1wMmb6j+zGLifdVHtkXA7gA==
  dependencies:
    "@vue/runtime-core" "3.2.47"
    "@vue/shared" "3.2.47"
    csstype "^2.6.8"

"@vue/server-renderer@3.2.47":
  version "3.2.47"
  resolved "https://registry.npmjs.org/@vue/server-renderer/-/server-renderer-3.2.47.tgz"
  integrity sha512-dN9gc1i8EvmP9RCzvneONXsKfBRgqFeFZLurmHOveL7oH6HiFXJw5OGu294n1nHc/HMgTy6LulU/tv5/A7f/LA==
  dependencies:
    "@vue/compiler-ssr" "3.2.47"
    "@vue/shared" "3.2.47"

"@vue/shared@3.2.47":
  version "3.2.47"
  resolved "https://registry.npmjs.org/@vue/shared/-/shared-3.2.47.tgz"
  integrity sha512-BHGyyGN3Q97EZx0taMQ+OLNuZcW3d37ZEVmEAyeoA9ERdGvm9Irc/0Fua8SNyOtV1w6BS4q25wbMzJujO9HIfQ==

"@vuetify/loader-shared@^1.7.1":
  version "1.7.1"
  resolved "https://registry.npmjs.org/@vuetify/loader-shared/-/loader-shared-1.7.1.tgz"
  integrity sha512-kLUvuAed6RCvkeeTNJzuy14pqnkur8lTuner7v7pNE/kVhPR97TuyXwBSBMR1cJeiLiOfu6SF5XlCYbXByEx1g==
  dependencies:
    find-cache-dir "^3.3.2"
    upath "^2.0.1"

anymatch@~3.1.2:
  version "3.1.3"
  resolved "https://registry.npmjs.org/anymatch/-/anymatch-3.1.3.tgz"
  integrity sha512-KMReFUr0B4t+D+OBkjR3KYqvocp2XaSzO55UcB6mgQMd3KbcE+mWTyvVV7D/zsdEbNnV6acZUutkiHQXvTr1Rw==
  dependencies:
    normalize-path "^3.0.0"
    picomatch "^2.0.4"

binary-extensions@^2.0.0:
  version "2.2.0"
  resolved "https://registry.npmjs.org/binary-extensions/-/binary-extensions-2.2.0.tgz"
  integrity sha512-jDctJ/IVQbZoJykoeHbhXpOlNBqGNcwXJKJog42E5HDPUwQTSdjCHdihjj0DlnheQ7blbT6dHOafNAiS8ooQKA==

braces@~3.0.2:
  version "3.0.2"
  resolved "https://registry.npmjs.org/braces/-/braces-3.0.2.tgz"
  integrity sha512-b8um+L1RzM3WDSzvhm6gIz1yfTbBt6YTlcEKAvsmqCZZFw46z626lVj9j1yEPW33H5H+lBQpZMP1k8l+78Ha0A==
  dependencies:
    fill-range "^7.0.1"

"chokidar@>=3.0.0 <4.0.0":
  version "3.5.3"
  resolved "https://registry.npmjs.org/chokidar/-/chokidar-3.5.3.tgz"
  integrity sha512-Dr3sfKRP6oTcjf2JmUmFJfeVMvXBdegxB0iVQ5eb2V10uFJUCAS8OByZdVAyVb8xXNz3GjjTgj9kLWsZTqE6kw==
  dependencies:
    anymatch "~3.1.2"
    braces "~3.0.2"
    glob-parent "~5.1.2"
    is-binary-path "~2.1.0"
    is-glob "~4.0.1"
    normalize-path "~3.0.0"
    readdirp "~3.6.0"
  optionalDependencies:
    fsevents "~2.3.2"

commondir@^1.0.1:
  version "1.0.1"
  resolved "https://registry.npmjs.org/commondir/-/commondir-1.0.1.tgz"
  integrity sha512-W9pAhw0ja1Edb5GVdIF1mjZw/ASI0AlShXM83UUGe2DVr5TdAPEA1OA8m/g8zWp9x6On7gqufY+FatDbC3MDQg==

csstype@^2.6.8:
  version "2.6.21"
  resolved "https://registry.npmjs.org/csstype/-/csstype-2.6.21.tgz"
  integrity sha512-Z1PhmomIfypOpoMjRQB70jfvy/wxT50qW08YXO5lMIJkrdq4yOTR+AW7FqutScmB9NkLwxo+jU+kZLbofZZq/w==

debug@^4.3.3:
  version "4.3.4"
  resolved "https://registry.npmjs.org/debug/-/debug-4.3.4.tgz"
  integrity sha512-PRWFHuSU3eDtQJPvnNY7Jcket1j0t5OuOsFzPPzsekD52Zl8qUfFIPEiswXqIvHWGVHOgX+7G/vCNNhehwxfkQ==
  dependencies:
    ms "2.1.2"

esbuild@^0.16.14:
  version "0.16.17"
  resolved "https://registry.npmjs.org/esbuild/-/esbuild-0.16.17.tgz"
  integrity sha512-G8LEkV0XzDMNwXKgM0Jwu3nY3lSTwSGY6XbxM9cr9+s0T/qSV1q1JVPBGzm3dcjhCic9+emZDmMffkwgPeOeLg==
  optionalDependencies:
    "@esbuild/android-arm" "0.16.17"
    "@esbuild/android-arm64" "0.16.17"
    "@esbuild/android-x64" "0.16.17"
    "@esbuild/darwin-arm64" "0.16.17"
    "@esbuild/darwin-x64" "0.16.17"
    "@esbuild/freebsd-arm64" "0.16.17"
    "@esbuild/freebsd-x64" "0.16.17"
    "@esbuild/linux-arm" "0.16.17"
    "@esbuild/linux-arm64" "0.16.17"
    "@esbuild/linux-ia32" "0.16.17"
    "@esbuild/linux-loong64" "0.16.17"
    "@esbuild/linux-mips64el" "0.16.17"
    "@esbuild/linux-ppc64" "0.16.17"
    "@esbuild/linux-riscv64" "0.16.17"
    "@esbuild/linux-s390x" "0.16.17"
    "@esbuild/linux-x64" "0.16.17"
    "@esbuild/netbsd-x64" "0.16.17"
    "@esbuild/openbsd-x64" "0.16.17"
    "@esbuild/sunos-x64" "0.16.17"
    "@esbuild/win32-arm64" "0.16.17"
    "@esbuild/win32-ia32" "0.16.17"
    "@esbuild/win32-x64" "0.16.17"

estree-walker@^2.0.2:
  version "2.0.2"
  resolved "https://registry.npmjs.org/estree-walker/-/estree-walker-2.0.2.tgz"
  integrity sha512-Rfkk/Mp/DL7JVje3u18FxFujQlTNR2q6QfMSMB7AvCBx91NGj/ba3kCfza0f6dVDbw7YlRf/nDrn7pQrCCyQ/w==

fill-range@^7.0.1:
  version "7.0.1"
  resolved "https://registry.npmjs.org/fill-range/-/fill-range-7.0.1.tgz"
  integrity sha512-qOo9F+dMUmC2Lcb4BbVvnKJxTPjCm+RRpe4gDuGrzkL7mEVl/djYSu2OdQ2Pa302N4oqkSg9ir6jaLWJ2USVpQ==
  dependencies:
    to-regex-range "^5.0.1"

find-cache-dir@^3.3.2:
  version "3.3.2"
  resolved "https://registry.npmjs.org/find-cache-dir/-/find-cache-dir-3.3.2.tgz"
  integrity sha512-wXZV5emFEjrridIgED11OoUKLxiYjAcqot/NJdAkOhlJ+vGzwhOAfcG5OX1jP+S0PcjEn8bdMJv+g2jwQ3Onig==
  dependencies:
    commondir "^1.0.1"
    make-dir "^3.0.2"
    pkg-dir "^4.1.0"

find-up@^4.0.0:
  version "4.1.0"
  resolved "https://registry.npmjs.org/find-up/-/find-up-4.1.0.tgz"
  integrity sha512-PpOwAdQ/YlXQ2vj8a3h8IipDuYRi3wceVQQGYWxNINccq40Anw7BlsEXCMbt1Zt+OLA6Fq9suIpIWD0OsnISlw==
  dependencies:
    locate-path "^5.0.0"
    path-exists "^4.0.0"

fsevents@~2.3.2:
  version "2.3.3"
  resolved "https://registry.yarnpkg.com/fsevents/-/fsevents-2.3.3.tgz#cac6407785d03675a2a5e1a5305c697b347d90d6"
  integrity sha512-5xoDfX+fL7faATnagmWPpbFtwh/R77WmMMqqHGS65C3vvB0YHrgF+B1YmZ3441tMj5n63k0212XNoJwzlhffQw==

function-bind@^1.1.1:
  version "1.1.1"
  resolved "https://registry.npmjs.org/function-bind/-/function-bind-1.1.1.tgz"
  integrity sha512-yIovAzMX49sF8Yl58fSCWJ5svSLuaibPxXQJFLmBObTuCr0Mf1KiPopGM9NiFjiYBCbfaa2Fh6breQ6ANVTI0A==

glob-parent@~5.1.2:
  version "5.1.2"
  resolved "https://registry.npmjs.org/glob-parent/-/glob-parent-5.1.2.tgz"
  integrity sha512-AOIgSQCepiJYwP3ARnGx+5VnTu2HBYdzbGP45eLw1vr3zB3vZLeyed1sC9hnbcOc9/SrMyM5RPQrkGz4aS9Zow==
  dependencies:
    is-glob "^4.0.1"

has@^1.0.3:
  version "1.0.3"
  resolved "https://registry.npmjs.org/has/-/has-1.0.3.tgz"
  integrity sha512-f2dvO0VU6Oej7RkWJGrehjbzMAjFp5/VKPp5tTpWIV4JHHZK1/BxbFRtf/siA2SWTe09caDmVtYYzWEIbBS4zw==
  dependencies:
    function-bind "^1.1.1"

immutable@^4.0.0:
  version "4.3.0"
  resolved "https://registry.npmjs.org/immutable/-/immutable-4.3.0.tgz"
  integrity sha512-0AOCmOip+xgJwEVTQj1EfiDDOkPmuyllDuTuEX+DDXUgapLAsBIfkg3sxCYyCEA8mQqZrrxPUGjcOQ2JS3WLkg==

is-binary-path@~2.1.0:
  version "2.1.0"
  resolved "https://registry.npmjs.org/is-binary-path/-/is-binary-path-2.1.0.tgz"
  integrity sha512-ZMERYes6pDydyuGidse7OsHxtbI7WVeUEozgR/g7rd0xUimYNlvZRE/K2MgZTjWy725IfelLeVcEM97mmtRGXw==
  dependencies:
    binary-extensions "^2.0.0"

is-core-module@^2.11.0:
  version "2.12.1"
  resolved "https://registry.npmjs.org/is-core-module/-/is-core-module-2.12.1.tgz"
  integrity sha512-Q4ZuBAe2FUsKtyQJoQHlvP8OvBERxO3jEmy1I7hcRXcJBGGHFh/aJBswbXuS9sgrDH2QUO8ilkwNPHvHMd8clg==
  dependencies:
    has "^1.0.3"

is-extglob@^2.1.1:
  version "2.1.1"
  resolved "https://registry.npmjs.org/is-extglob/-/is-extglob-2.1.1.tgz"
  integrity sha512-SbKbANkN603Vi4jEZv49LeVJMn4yGwsbzZworEoyEiutsN3nJYdbO36zfhGJ6QEDpOZIFkDtnq5JRxmvl3jsoQ==

is-glob@^4.0.1, is-glob@~4.0.1:
  version "4.0.3"
  resolved "https://registry.npmjs.org/is-glob/-/is-glob-4.0.3.tgz"
  integrity sha512-xelSayHH36ZgE7ZWhli7pW34hNbNl8Ojv5KVmkJD4hBdD3th8Tfk9vYasLM+mXWOZhFkgZfxhLSnrwRr4elSSg==
  dependencies:
    is-extglob "^2.1.1"

is-number@^7.0.0:
  version "7.0.0"
  resolved "https://registry.npmjs.org/is-number/-/is-number-7.0.0.tgz"
  integrity sha512-41Cifkg6e8TylSpdtTpeLVMqvSBEVzTttHvERD741+pnZ8ANv0004MRL43QKPDlK9cGvNp6NZWZUBlbGXYxxng==

locate-path@^5.0.0:
  version "5.0.0"
  resolved "https://registry.npmjs.org/locate-path/-/locate-path-5.0.0.tgz"
  integrity sha512-t7hw9pI+WvuwNJXwk5zVHpyhIqzg2qTlklJOf0mVxGSbe3Fp2VieZcduNYjaLDoy6p9uGpQEGWG87WpMKlNq8g==
  dependencies:
    p-locate "^4.1.0"

magic-string@^0.25.7:
  version "0.25.9"
  resolved "https://registry.npmjs.org/magic-string/-/magic-string-0.25.9.tgz"
  integrity sha512-RmF0AsMzgt25qzqqLc1+MbHmhdx0ojF2Fvs4XnOqz2ZOBXzzkEwc/dJQZCYHAn7v1jbVOjAZfK8msRn4BxO4VQ==
  dependencies:
    sourcemap-codec "^1.4.8"

make-dir@^3.0.2:
  version "3.1.0"
  resolved "https://registry.npmjs.org/make-dir/-/make-dir-3.1.0.tgz"
  integrity sha512-g3FeP20LNwhALb/6Cz6Dd4F2ngze0jz7tbzrD2wAV+o9FeNHe4rL+yK2md0J/fiSf1sa1ADhXqi5+oVwOM/eGw==
  dependencies:
    semver "^6.0.0"

ms@2.1.2:
  version "2.1.2"
  resolved "https://registry.npmjs.org/ms/-/ms-2.1.2.tgz"
  integrity sha512-sGkPx+VjMtmA6MX27oA4FBFELFCZZ4S4XqeGOXCv68tT+jb3vk/RyaKWP0PTKyWtmLSM0b+adUTEvbs1PEaH2w==

nanoid@^3.3.6:
  version "3.3.6"
  resolved "https://registry.npmjs.org/nanoid/-/nanoid-3.3.6.tgz"
  integrity sha512-BGcqMMJuToF7i1rt+2PWSNVnWIkGCU78jBG3RxO/bZlnZPK2Cmi2QaffxGO/2RvWi9sL+FAiRiXMgsyxQ1DIDA==

normalize-path@^3.0.0, normalize-path@~3.0.0:
  version "3.0.0"
  resolved "https://registry.npmjs.org/normalize-path/-/normalize-path-3.0.0.tgz"
  integrity sha512-6eZs5Ls3WtCisHWp9S2GUy8dqkpGi4BVSz3GaqiE6ezub0512ESztXUwUB6C6IKbQkY2Pnb/mD4WYojCRwcwLA==

p-limit@^2.2.0:
  version "2.3.0"
  resolved "https://registry.npmjs.org/p-limit/-/p-limit-2.3.0.tgz"
  integrity sha512-//88mFWSJx8lxCzwdAABTJL2MyWB12+eIY7MDL2SqLmAkeKU9qxRvWuSyTjm3FUmpBEMuFfckAIqEaVGUDxb6w==
  dependencies:
    p-try "^2.0.0"

p-locate@^4.1.0:
  version "4.1.0"
  resolved "https://registry.npmjs.org/p-locate/-/p-locate-4.1.0.tgz"
  integrity sha512-R79ZZ/0wAxKGu3oYMlz8jy/kbhsNrS7SKZ7PxEHBgJ5+F2mtFW2fK2cOtBh1cHYkQsbzFV7I+EoRKe6Yt0oK7A==
  dependencies:
    p-limit "^2.2.0"

p-try@^2.0.0:
  version "2.2.0"
  resolved "https://registry.npmjs.org/p-try/-/p-try-2.2.0.tgz"
  integrity sha512-R4nPAVTAU0B9D35/Gk3uJf/7XYbQcyohSKdvAxIRSNghFl4e71hVoGnBNQz9cWaXxO2I10KTC+3jMdvvoKw6dQ==

path-exists@^4.0.0:
  version "4.0.0"
  resolved "https://registry.npmjs.org/path-exists/-/path-exists-4.0.0.tgz"
  integrity sha512-ak9Qy5Q7jYb2Wwcey5Fpvg2KoAc/ZIhLSLOSBmRmygPsGwkVVt0fZa0qrtMz+m6tJTAHfZQ8FnmB4MG4LWy7/w==

path-parse@^1.0.7:
  version "1.0.7"
  resolved "https://registry.npmjs.org/path-parse/-/path-parse-1.0.7.tgz"
  integrity sha512-LDJzPVEEEPR+y48z93A0Ed0yXb8pAByGWo/k5YYdYgpY2/2EsOsksJrq7lOHxryrVOn1ejG6oAp8ahvOIQD8sw==

picocolors@^1.0.0:
  version "1.0.0"
  resolved "https://registry.npmjs.org/picocolors/-/picocolors-1.0.0.tgz"
  integrity sha512-1fygroTLlHu66zi26VoTDv8yRgm0Fccecssto+MhsZ0D/DGW2sm8E8AjW7NU5VVTRt5GxbeZ5qBuJr+HyLYkjQ==

picomatch@^2.0.4, picomatch@^2.2.1:
  version "2.3.1"
  resolved "https://registry.npmjs.org/picomatch/-/picomatch-2.3.1.tgz"
  integrity sha512-JU3teHTNjmE2VCGFzuY8EXzCDVwEqB2a8fsIvwaStHhAWJEeVd1o1QD80CU6+ZdEXXSLbSsuLwJjkCBWqRQUVA==

pkg-dir@^4.1.0:
  version "4.2.0"
  resolved "https://registry.npmjs.org/pkg-dir/-/pkg-dir-4.2.0.tgz"
  integrity sha512-HRDzbaKjC+AOWVXxAU/x54COGeIv9eb+6CkDSQoNTt4XyWoIJvuPsXizxu/Fr23EiekbtZwmh1IcIG/l/a10GQ==
  dependencies:
    find-up "^4.0.0"

postcss@^8.1.10, postcss@^8.4.21:
  version "8.4.24"
  resolved "https://registry.npmjs.org/postcss/-/postcss-8.4.24.tgz"
  integrity sha512-M0RzbcI0sO/XJNucsGjvWU9ERWxb/ytp1w6dKtxTKgixdtQDq4rmx/g8W1hnaheq9jgwL/oyEdH5Bc4WwJKMqg==
  dependencies:
    nanoid "^3.3.6"
    picocolors "^1.0.0"
    source-map-js "^1.0.2"

readdirp@~3.6.0:
  version "3.6.0"
  resolved "https://registry.npmjs.org/readdirp/-/readdirp-3.6.0.tgz"
  integrity sha512-hOS089on8RduqdbhvQ5Z37A0ESjsqz6qnRcffsMU3495FuTdqSm+7bhJ29JvIOsBDEEnan5DPu9t3To9VRlMzA==
  dependencies:
    picomatch "^2.2.1"

resolve@^1.22.1:
  version "1.22.2"
  resolved "https://registry.npmjs.org/resolve/-/resolve-1.22.2.tgz"
  integrity sha512-Sb+mjNHOULsBv818T40qSPeRiuWLyaGMa5ewydRLFimneixmVy2zdivRl+AF6jaYPC8ERxGDmFSiqui6SfPd+g==
  dependencies:
    is-core-module "^2.11.0"
    path-parse "^1.0.7"
    supports-preserve-symlinks-flag "^1.0.0"

roboto-fontface@0.10.0:
  version "0.10.0"
  resolved "https://registry.npmjs.org/roboto-fontface/-/roboto-fontface-0.10.0.tgz"
  integrity sha512-OlwfYEgA2RdboZohpldlvJ1xngOins5d7ejqnIBWr9KaMxsnBqotpptRXTyfNRLnFpqzX6sTDt+X+a+6udnU8g==

rollup@^3.10.0:
  version "3.25.3"
  resolved "https://registry.npmjs.org/rollup/-/rollup-3.25.3.tgz"
  integrity sha512-ZT279hx8gszBj9uy5FfhoG4bZx8c+0A1sbqtr7Q3KNWIizpTdDEPZbV2xcbvHsnFp4MavCQYZyzApJ+virB8Yw==
  optionalDependencies:
    fsevents "~2.3.2"

sass@1.58.0:
  version "1.58.0"
  resolved "https://registry.npmjs.org/sass/-/sass-1.58.0.tgz"
  integrity sha512-PiMJcP33DdKtZ/1jSjjqVIKihoDc6yWmYr9K/4r3fVVIEDAluD0q7XZiRKrNJcPK3qkLRF/79DND1H5q1LBjgg==
  dependencies:
    chokidar ">=3.0.0 <4.0.0"
    immutable "^4.0.0"
    source-map-js ">=0.6.2 <2.0.0"

semver@^6.0.0:
  version "6.3.0"
  resolved "https://registry.npmjs.org/semver/-/semver-6.3.0.tgz"
  integrity sha512-b39TBaTSfV6yBrapU89p5fKekE2m/NwnDocOVruQFS1/veMgdzuPcnOM34M6CwxW8jH/lxEa5rBoDeUwu5HHTw==

"source-map-js@>=0.6.2 <2.0.0", source-map-js@^1.0.2:
  version "1.0.2"
  resolved "https://registry.npmjs.org/source-map-js/-/source-map-js-1.0.2.tgz"
  integrity sha512-R0XvVJ9WusLiqTCEiGCmICCMplcCkIwwR11mOSD9CR5u+IXYdiseeEuXCVAjS54zqwkLcPNnmU4OeJ6tUrWhDw==

source-map@^0.6.1:
  version "0.6.1"
  resolved "https://registry.npmjs.org/source-map/-/source-map-0.6.1.tgz"
  integrity sha512-UjgapumWlbMhkBgzT7Ykc5YXUT46F0iKu8SGXq0bcwP5dz/h0Plj6enJqjz1Zbq2l5WaqYnrVbwWOWMyF3F47g==

sourcemap-codec@^1.4.8:
  version "1.4.8"
  resolved "https://registry.npmjs.org/sourcemap-codec/-/sourcemap-codec-1.4.8.tgz"
  integrity sha512-9NykojV5Uih4lgo5So5dtw+f0JgJX30KCNI8gwhz2J9A15wD0Ml6tjHKwf6fTSa6fAdVBdZeNOs9eJ71qCk8vA==

supports-preserve-symlinks-flag@^1.0.0:
  version "1.0.0"
  resolved "https://registry.npmjs.org/supports-preserve-symlinks-flag/-/supports-preserve-symlinks-flag-1.0.0.tgz"
  integrity sha512-ot0WnXS9fgdkgIcePe6RHNk1WA8+muPa6cSjeR3V8K27q9BB1rTE3R1p7Hv0z1ZyAc8s6Vvv8DIyWf681MAt0w==

to-regex-range@^5.0.1:
  version "5.0.1"
  resolved "https://registry.npmjs.org/to-regex-range/-/to-regex-range-5.0.1.tgz"
  integrity sha512-65P7iz6X5yEr1cwcgvQxbbIw7Uk3gOy5dIdtZ4rDveLqhrdJP+Li/Hx6tyK0NEb+2GCyneCMJiGqrADCSNk8sQ==
  dependencies:
    is-number "^7.0.0"

unified-network@0.6.4:
  version "0.6.4"
  resolved "https://registry.npmjs.org/unified-network/-/unified-network-0.6.4.tgz"
  integrity sha512-anCKOaBBARYf27j1Jcpr4NPsuE+Ydi2J9BjO5cmAwkUZWuww0/4i3Fb4dPtffv5FGC8gZ7iXxBQEctF3DYTpIA==

upath@^2.0.1:
  version "2.0.1"
  resolved "https://registry.npmjs.org/upath/-/upath-2.0.1.tgz"
  integrity sha512-1uEe95xksV1O0CYKXo8vQvN1JEbtJp7lb7C5U9HMsIp6IVwntkH/oNUzyVNQSd4S1sYk2FpSSW44FqMc8qee5w==

vite-plugin-vuetify@1.0.2:
  version "1.0.2"
  resolved "https://registry.npmjs.org/vite-plugin-vuetify/-/vite-plugin-vuetify-1.0.2.tgz"
  integrity sha512-MubIcKD33O8wtgQXlbEXE7ccTEpHZ8nPpe77y9Wy3my2MWw/PgehP9VqTp92BLqr0R1dSL970Lynvisx3UxBFw==
  dependencies:
    "@vuetify/loader-shared" "^1.7.1"
    debug "^4.3.3"
    upath "^2.0.1"

vite@4.1.1:
  version "4.1.1"
  resolved "https://registry.npmjs.org/vite/-/vite-4.1.1.tgz"
  integrity sha512-LM9WWea8vsxhr782r9ntg+bhSFS06FJgCvvB0+8hf8UWtvaiDagKYWXndjfX6kGl74keHJUcpzrQliDXZlF5yg==
  dependencies:
    esbuild "^0.16.14"
    postcss "^8.4.21"
    resolve "^1.22.1"
    rollup "^3.10.0"
  optionalDependencies:
    fsevents "~2.3.2"

vue@3.2.47:
  version "3.2.47"
  resolved "https://registry.npmjs.org/vue/-/vue-3.2.47.tgz"
  integrity sha512-60188y/9Dc9WVrAZeUVSDxRQOZ+z+y5nO2ts9jWXSTkMvayiWxCWOWtBQoYjLeccfXkiiPZWAHcV+WTPhkqJHQ==
  dependencies:
    "@vue/compiler-dom" "3.2.47"
    "@vue/compiler-sfc" "3.2.47"
    "@vue/runtime-dom" "3.2.47"
    "@vue/server-renderer" "3.2.47"
    "@vue/shared" "3.2.47"

vuetify@3.1.3:
  version "3.1.3"
  resolved "https://registry.npmjs.org/vuetify/-/vuetify-3.1.3.tgz"
  integrity sha512-QE/yXvHKDnlK9sjjMoZy9cAovNabpI97xg9RD+mAEDgSUaZNCX/jy7Qn0bP1DjJNeAsR2oAlcO0C2WhrsYe9kw==
